
Microsoft Visual Studio Solution File, Format Version 12.00
# Visual Studio Version 16
VisualStudioVersion = 16.0.31424.327
MinimumVisualStudioVersion = 10.0.40219.1
Project("{FAE04EC0-301F-11D3-BF4B-00C04F79EFBC}") = "ApiCatalogoJogos", "ApiCatalogoJogos\ApiCatalogoJogos.csproj", "{534EC3D7-E86E-4590-BDCA-7F940EE98325}"
EndProject
Global
	GlobalSection(SolutionConfigurationPlatforms) = preSolution
		Debug|Any CPU = Debug|Any CPU
		Release|Any CPU = Release|Any CPU
	EndGlobalSection
	GlobalSection(ProjectConfigurationPlatforms) = postSolution
		{534EC3D7-E86E-4590-BDCA-7F940EE98325}.Debug|Any CPU.ActiveCfg = Debug|Any CPU
		{534EC3D7-E86E-4590-BDCA-7F940EE98325}.Debug|Any CPU.Build.0 = Debug|Any CPU
		{534EC3D7-E86E-4590-BDCA-7F940EE98325}.Release|Any CPU.ActiveCfg = Release|Any CPU
		{534EC3D7-E86E-4590-BDCA-7F940EE98325}.Release|Any CPU.Build.0 = Release|Any CPU
	EndGlobalSection
	GlobalSection(SolutionProperties) = preSolution
		HideSolutionNode = FALSE
	EndGlobalSection
	GlobalSection(ExtensibilityGlobals) = postSolution
		SolutionGuid = {5F4992E4-0BCE-4D7E-AF3A-A05D99B15161}
	EndGlobalSection
EndGlobal
